// !$*UTF8*$!
{
	archiveVersion = 1;
	classes = {
	};
	objectVersion = 50;
	objects = {

/* Begin PBXBuildFile section */
		6A15F15B2161C7C700AF9CD0 /* TableCollectionViews.storyboard in Resources */ = {isa = PBXBuildFile; fileRef = 6A15F15A2161C7C700AF9CD0 /* TableCollectionViews.storyboard */; };
		6A15F15D2161CF8B00AF9CD0 /* ParkTableViewCell.swift in Sources */ = {isa = PBXBuildFile; fileRef = 6A15F15C2161CF8B00AF9CD0 /* ParkTableViewCell.swift */; };
		6A15F15F2161CFB600AF9CD0 /* ParkCollectionViewCell.swift in Sources */ = {isa = PBXBuildFile; fileRef = 6A15F15E2161CFB600AF9CD0 /* ParkCollectionViewCell.swift */; };
		6A15F1612161D39300AF9CD0 /* StateParks.plist in Resources */ = {isa = PBXBuildFile; fileRef = 6A15F1602161D39300AF9CD0 /* StateParks.plist */; };
		6A15F1632161DF7A00AF9CD0 /* ParkTableViewController.swift in Sources */ = {isa = PBXBuildFile; fileRef = 6A15F1622161DF7A00AF9CD0 /* ParkTableViewController.swift */; };
		6A15F1652161E01C00AF9CD0 /* UIColor+Custom.swift in Sources */ = {isa = PBXBuildFile; fileRef = 6A15F1642161E01C00AF9CD0 /* UIColor+Custom.swift */; };
		6A21A6E921580B5800D66C9E /* AppDelegate.swift in Sources */ = {isa = PBXBuildFile; fileRef = 6A21A6E821580B5800D66C9E /* AppDelegate.swift */; };
		6A21A6EB21580B5800D66C9E /* ViewController.swift in Sources */ = {isa = PBXBuildFile; fileRef = 6A21A6EA21580B5800D66C9E /* ViewController.swift */; };
		6A21A6EE21580B5800D66C9E /* Main.storyboard in Resources */ = {isa = PBXBuildFile; fileRef = 6A21A6EC21580B5800D66C9E /* Main.storyboard */; };
		6A21A6F021580B5900D66C9E /* Assets.xcassets in Resources */ = {isa = PBXBuildFile; fileRef = 6A21A6EF21580B5900D66C9E /* Assets.xcassets */; };
		6A21A6F321580B5900D66C9E /* LaunchScreen.storyboard in Resources */ = {isa = PBXBuildFile; fileRef = 6A21A6F121580B5900D66C9E /* LaunchScreen.storyboard */; };
		6A21A6FE21580B5900D66C9E /* PA_ParksTests.swift in Sources */ = {isa = PBXBuildFile; fileRef = 6A21A6FD21580B5900D66C9E /* PA_ParksTests.swift */; };
		6A21A70D21580EBB00D66C9E /* Parks.plist in Resources */ = {isa = PBXBuildFile; fileRef = 6A21A70C21580EBB00D66C9E /* Parks.plist */; };
		6A21A70F21580F3300D66C9E /* ParkModel.swift in Sources */ = {isa = PBXBuildFile; fileRef = 6A21A70E21580F3300D66C9E /* ParkModel.swift */; };
		6A7104992163482800EA2AEA /* ParkImageViewController.swift in Sources */ = {isa = PBXBuildFile; fileRef = 6A7104982163482800EA2AEA /* ParkImageViewController.swift */; };
		6A71049B21635EE100EA2AEA /* ParkCollectionReusableView.swift in Sources */ = {isa = PBXBuildFile; fileRef = 6A71049A21635EE100EA2AEA /* ParkCollectionReusableView.swift */; };
/* End PBXBuildFile section */

/* Begin PBXContainerItemProxy section */
		6A21A6FA21580B5900D66C9E /* PBXContainerItemProxy */ = {
			isa = PBXContainerItemProxy;
			containerPortal = 6A21A6DD21580B5800D66C9E /* Project object */;
			proxyType = 1;
			remoteGlobalIDString = 6A21A6E421580B5800D66C9E;
			remoteInfo = "PA Parks";
		};
/* End PBXContainerItemProxy section */

/* Begin PBXFileReference section */
		6A15F15A2161C7C700AF9CD0 /* TableCollectionViews.storyboard */ = {isa = PBXFileReference; lastKnownFileType = file.storyboard; path = TableCollectionViews.storyboard; sourceTree = "<group>"; };
		6A15F15C2161CF8B00AF9CD0 /* ParkTableViewCell.swift */ = {isa = PBXFileReference; lastKnownFileType = sourcecode.swift; path = ParkTableViewCell.swift; sourceTree = "<group>"; };
		6A15F15E2161CFB600AF9CD0 /* ParkCollectionViewCell.swift */ = {isa = PBXFileReference; lastKnownFileType = sourcecode.swift; path = ParkCollectionViewCell.swift; sourceTree = "<group>"; };
		6A15F1602161D39300AF9CD0 /* StateParks.plist */ = {isa = PBXFileReference; fileEncoding = 4; lastKnownFileType = text.plist.xml; path = StateParks.plist; sourceTree = "<group>"; };
		6A15F1622161DF7A00AF9CD0 /* ParkTableViewController.swift */ = {isa = PBXFileReference; lastKnownFileType = sourcecode.swift; path = ParkTableViewController.swift; sourceTree = "<group>"; };
		6A15F1642161E01C00AF9CD0 /* UIColor+Custom.swift */ = {isa = PBXFileReference; fileEncoding = 4; lastKnownFileType = sourcecode.swift; path = "UIColor+Custom.swift"; sourceTree = "<group>"; };
		6A21A6E521580B5800D66C9E /* PA Parks.app */ = {isa = PBXFileReference; explicitFileType = wrapper.application; includeInIndex = 0; path = "PA Parks.app"; sourceTree = BUILT_PRODUCTS_DIR; };
		6A21A6E821580B5800D66C9E /* AppDelegate.swift */ = {isa = PBXFileReference; lastKnownFileType = sourcecode.swift; path = AppDelegate.swift; sourceTree = "<group>"; };
		6A21A6EA21580B5800D66C9E /* ViewController.swift */ = {isa = PBXFileReference; lastKnownFileType = sourcecode.swift; path = ViewController.swift; sourceTree = "<group>"; };
		6A21A6ED21580B5800D66C9E /* Base */ = {isa = PBXFileReference; lastKnownFileType = file.storyboard; name = Base; path = Base.lproj/Main.storyboard; sourceTree = "<group>"; };
		6A21A6EF21580B5900D66C9E /* Assets.xcassets */ = {isa = PBXFileReference; lastKnownFileType = folder.assetcatalog; path = Assets.xcassets; sourceTree = "<group>"; };
		6A21A6F221580B5900D66C9E /* Base */ = {isa = PBXFileReference; lastKnownFileType = file.storyboard; name = Base; path = Base.lproj/LaunchScreen.storyboard; sourceTree = "<group>"; };
		6A21A6F421580B5900D66C9E /* Info.plist */ = {isa = PBXFileReference; lastKnownFileType = text.plist.xml; path = Info.plist; sourceTree = "<group>"; };
		6A21A6F921580B5900D66C9E /* PA ParksTests.xctest */ = {isa = PBXFileReference; explicitFileType = wrapper.cfbundle; includeInIndex = 0; path = "PA ParksTests.xctest"; sourceTree = BUILT_PRODUCTS_DIR; };
		6A21A6FD21580B5900D66C9E /* PA_ParksTests.swift */ = {isa = PBXFileReference; lastKnownFileType = sourcecode.swift; path = PA_ParksTests.swift; sourceTree = "<group>"; };
		6A21A6FF21580B5900D66C9E /* Info.plist */ = {isa = PBXFileReference; lastKnownFileType = text.plist.xml; path = Info.plist; sourceTree = "<group>"; };
		6A21A70C21580EBB00D66C9E /* Parks.plist */ = {isa = PBXFileReference; fileEncoding = 4; lastKnownFileType = text.plist.xml; path = Parks.plist; sourceTree = "<group>"; };
		6A21A70E21580F3300D66C9E /* ParkModel.swift */ = {isa = PBXFileReference; lastKnownFileType = sourcecode.swift; path = ParkModel.swift; sourceTree = "<group>"; };
		6A7104982163482800EA2AEA /* ParkImageViewController.swift */ = {isa = PBXFileReference; lastKnownFileType = sourcecode.swift; path = ParkImageViewController.swift; sourceTree = "<group>"; };
		6A71049A21635EE100EA2AEA /* ParkCollectionReusableView.swift */ = {isa = PBXFileReference; lastKnownFileType = sourcecode.swift; path = ParkCollectionReusableView.swift; sourceTree = "<group>"; };
/* End PBXFileReference section */

/* Begin PBXFrameworksBuildPhase section */
		6A21A6E221580B5800D66C9E /* Frameworks */ = {
			isa = PBXFrameworksBuildPhase;
			buildActionMask = 2147483647;
			files = (
			);
			runOnlyForDeploymentPostprocessing = 0;
		};
		6A21A6F621580B5900D66C9E /* Frameworks */ = {
			isa = PBXFrameworksBuildPhase;
			buildActionMask = 2147483647;
			files = (
			);
			runOnlyForDeploymentPostprocessing = 0;
		};
/* End PBXFrameworksBuildPhase section */

/* Begin PBXGroup section */
		6A21A6DC21580B5800D66C9E = {
			isa = PBXGroup;
			children = (
				6A21A6E721580B5800D66C9E /* PA Parks */,
				6A21A6FC21580B5900D66C9E /* PA ParksTests */,
				6A21A6E621580B5800D66C9E /* Products */,
			);
			sourceTree = "<group>";
		};
		6A21A6E621580B5800D66C9E /* Products */ = {
			isa = PBXGroup;
			children = (
				6A21A6E521580B5800D66C9E /* PA Parks.app */,
				6A21A6F921580B5900D66C9E /* PA ParksTests.xctest */,
			);
			name = Products;
			sourceTree = "<group>";
		};
		6A21A6E721580B5800D66C9E /* PA Parks */ = {
			isa = PBXGroup;
			children = (
				6A15F1642161E01C00AF9CD0 /* UIColor+Custom.swift */,
				6A21A70B21580D4F00D66C9E /* Controller */,
				6A21A70A21580D4900D66C9E /* View */,
				6A21A70821580D3A00D66C9E /* Model */,
				6A21A6E821580B5800D66C9E /* AppDelegate.swift */,
				6A21A6F421580B5900D66C9E /* Info.plist */,
			);
			path = "PA Parks";
			sourceTree = "<group>";
		};
		6A21A6FC21580B5900D66C9E /* PA ParksTests */ = {
			isa = PBXGroup;
			children = (
				6A21A6FD21580B5900D66C9E /* PA_ParksTests.swift */,
				6A21A6FF21580B5900D66C9E /* Info.plist */,
			);
			path = "PA ParksTests";
			sourceTree = "<group>";
		};
		6A21A70821580D3A00D66C9E /* Model */ = {
			isa = PBXGroup;
			children = (
				6A15F1602161D39300AF9CD0 /* StateParks.plist */,
				6A21A70C21580EBB00D66C9E /* Parks.plist */,
				6A21A70E21580F3300D66C9E /* ParkModel.swift */,
			);
			path = Model;
			sourceTree = "<group>";
		};
		6A21A70A21580D4900D66C9E /* View */ = {
			isa = PBXGroup;
			children = (
				6A21A6EF21580B5900D66C9E /* Assets.xcassets */,
				6A21A6EC21580B5800D66C9E /* Main.storyboard */,
				6A21A6F121580B5900D66C9E /* LaunchScreen.storyboard */,
				6A15F15A2161C7C700AF9CD0 /* TableCollectionViews.storyboard */,
				6A15F15C2161CF8B00AF9CD0 /* ParkTableViewCell.swift */,
				6A15F15E2161CFB600AF9CD0 /* ParkCollectionViewCell.swift */,
				6A71049A21635EE100EA2AEA /* ParkCollectionReusableView.swift */,
			);
			path = View;
			sourceTree = "<group>";
		};
		6A21A70B21580D4F00D66C9E /* Controller */ = {
			isa = PBXGroup;
			children = (
				6A21A6EA21580B5800D66C9E /* ViewController.swift */,
				6A15F1622161DF7A00AF9CD0 /* ParkTableViewController.swift */,
				6A7104982163482800EA2AEA /* ParkImageViewController.swift */,
			);
			path = Controller;
			sourceTree = "<group>";
		};
/* End PBXGroup section */

/* Begin PBXNativeTarget section */
		6A21A6E421580B5800D66C9E /* PA Parks */ = {
			isa = PBXNativeTarget;
			buildConfigurationList = 6A21A70221580B5900D66C9E /* Build configuration list for PBXNativeTarget "PA Parks" */;
			buildPhases = (
				6A21A6E121580B5800D66C9E /* Sources */,
				6A21A6E221580B5800D66C9E /* Frameworks */,
				6A21A6E321580B5800D66C9E /* Resources */,
			);
			buildRules = (
			);
			dependencies = (
			);
			name = "PA Parks";
			productName = "PA Parks";
			productReference = 6A21A6E521580B5800D66C9E /* PA Parks.app */;
			productType = "com.apple.product-type.application";
		};
		6A21A6F821580B5900D66C9E /* PA ParksTests */ = {
			isa = PBXNativeTarget;
			buildConfigurationList = 6A21A70521580B5900D66C9E /* Build configuration list for PBXNativeTarget "PA ParksTests" */;
			buildPhases = (
				6A21A6F521580B5900D66C9E /* Sources */,
				6A21A6F621580B5900D66C9E /* Frameworks */,
				6A21A6F721580B5900D66C9E /* Resources */,
			);
			buildRules = (
			);
			dependencies = (
				6A21A6FB21580B5900D66C9E /* PBXTargetDependency */,
			);
			name = "PA ParksTests";
			productName = "PA ParksTests";
			productReference = 6A21A6F921580B5900D66C9E /* PA ParksTests.xctest */;
			productType = "com.apple.product-type.bundle.unit-test";
		};
/* End PBXNativeTarget section */

/* Begin PBXProject section */
		6A21A6DD21580B5800D66C9E /* Project object */ = {
			isa = PBXProject;
			attributes = {
				LastSwiftUpdateCheck = 0940;
				LastUpgradeCheck = 0940;
				ORGANIZATIONNAME = "Pranav Jain";
				TargetAttributes = {
					6A21A6E421580B5800D66C9E = {
						CreatedOnToolsVersion = 9.4.1;
						LastSwiftMigration = 1000;
					};
					6A21A6F821580B5900D66C9E = {
						CreatedOnToolsVersion = 9.4.1;
						LastSwiftMigration = 1000;
						TestTargetID = 6A21A6E421580B5800D66C9E;
					};
				};
			};
			buildConfigurationList = 6A21A6E021580B5800D66C9E /* Build configuration list for PBXProject "PA Parks" */;
			compatibilityVersion = "Xcode 9.3";
			developmentRegion = en;
			hasScannedForEncodings = 0;
			knownRegions = (
				en,
				Base,
			);
			mainGroup = 6A21A6DC21580B5800D66C9E;
			productRefGroup = 6A21A6E621580B5800D66C9E /* Products */;
			projectDirPath = "";
			projectRoot = "";
			targets = (
				6A21A6E421580B5800D66C9E /* PA Parks */,
				6A21A6F821580B5900D66C9E /* PA ParksTests */,
			);
		};
/* End PBXProject section */

/* Begin PBXResourcesBuildPhase section */
		6A21A6E321580B5800D66C9E /* Resources */ = {
			isa = PBXResourcesBuildPhase;
			buildActionMask = 2147483647;
			files = (
				6A21A6F321580B5900D66C9E /* LaunchScreen.storyboard in Resources */,
				6A21A6F021580B5900D66C9E /* Assets.xcassets in Resources */,
				6A15F1612161D39300AF9CD0 /* StateParks.plist in Resources */,
				6A15F15B2161C7C700AF9CD0 /* TableCollectionViews.storyboard in Resources */,
				6A21A70D21580EBB00D66C9E /* Parks.plist in Resources */,
				6A21A6EE21580B5800D66C9E /* Main.storyboard in Resources */,
			);
			runOnlyForDeploymentPostprocessing = 0;
		};
		6A21A6F721580B5900D66C9E /* Resources */ = {
			isa = PBXResourcesBuildPhase;
			buildActionMask = 2147483647;
			files = (
			);
			runOnlyForDeploymentPostprocessing = 0;
		};
/* End PBXResourcesBuildPhase section */

/* Begin PBXSourcesBuildPhase section */
		6A21A6E121580B5800D66C9E /* Sources */ = {
			isa = PBXSourcesBuildPhase;
			buildActionMask = 2147483647;
			files = (
				6A71049B21635EE100EA2AEA /* ParkCollectionReusableView.swift in Sources */,
				6A7104992163482800EA2AEA /* ParkImageViewController.swift in Sources */,
				6A15F1652161E01C00AF9CD0 /* UIColor+Custom.swift in Sources */,
				6A15F15F2161CFB600AF9CD0 /* ParkCollectionViewCell.swift in Sources */,
				6A21A6EB21580B5800D66C9E /* ViewController.swift in Sources */,
				6A21A70F21580F3300D66C9E /* ParkModel.swift in Sources */,
				6A15F1632161DF7A00AF9CD0 /* ParkTableViewController.swift in Sources */,
				6A21A6E921580B5800D66C9E /* AppDelegate.swift in Sources */,
				6A15F15D2161CF8B00AF9CD0 /* ParkTableViewCell.swift in Sources */,
			);
			runOnlyForDeploymentPostprocessing = 0;
		};
		6A21A6F521580B5900D66C9E /* Sources */ = {
			isa = PBXSourcesBuildPhase;
			buildActionMask = 2147483647;
			files = (
				6A21A6FE21580B5900D66C9E /* PA_ParksTests.swift in Sources */,
			);
			runOnlyForDeploymentPostprocessing = 0;
		};
/* End PBXSourcesBuildPhase section */

/* Begin PBXTargetDependency section */
		6A21A6FB21580B5900D66C9E /* PBXTargetDependency */ = {
			isa = PBXTargetDependency;
			target = 6A21A6E421580B5800D66C9E /* PA Parks */;
			targetProxy = 6A21A6FA21580B5900D66C9E /* PBXContainerItemProxy */;
		};
/* End PBXTargetDependency section */

/* Begin PBXVariantGroup section */
		6A21A6EC21580B5800D66C9E /* Main.storyboard */ = {
			isa = PBXVariantGroup;
			children = (
				6A21A6ED21580B5800D66C9E /* Base */,
			);
			name = Main.storyboard;
			sourceTree = "<group>";
		};
		6A21A6F121580B5900D66C9E /* LaunchScreen.storyboard */ = {
			isa = PBXVariantGroup;
			children = (
				6A21A6F221580B5900D66C9E /* Base */,
			);
			name = LaunchScreen.storyboard;
			sourceTree = "<group>";
		};
/* End PBXVariantGroup section */

/* Begin XCBuildConfiguration section */
		6A21A70021580B5900D66C9E /* Debug */ = {
			isa = XCBuildConfiguration;
			buildSettings = {
				ALWAYS_SEARCH_USER_PATHS = NO;
				CLANG_ANALYZER_NONNULL = YES;
				CLANG_ANALYZER_NUMBER_OBJECT_CONVERSION = YES_AGGRESSIVE;
				CLANG_CXX_LANGUAGE_STANDARD = "gnu++14";
				CLANG_CXX_LIBRARY = "libc++";
				CLANG_ENABLE_MODULES = YES;
				CLANG_ENABLE_OBJC_ARC = YES;
				CLANG_ENABLE_OBJC_WEAK = YES;
				CLANG_WARN_BLOCK_CAPTURE_AUTORELEASING = YES;
				CLANG_WARN_BOOL_CONVERSION = YES;
				CLANG_WARN_COMMA = YES;
				CLANG_WARN_CONSTANT_CONVERSION = YES;
				CLANG_WARN_DEPRECATED_OBJC_IMPLEMENTATIONS = YES;
				CLANG_WARN_DIRECT_OBJC_ISA_USAGE = YES_ERROR;
				CLANG_WARN_DOCUMENTATION_COMMENTS = YES;
				CLANG_WARN_EMPTY_BODY = YES;
				CLANG_WARN_ENUM_CONVERSION = YES;
				CLANG_WARN_INFINITE_RECURSION = YES;
				CLANG_WARN_INT_CONVERSION = YES;
				CLANG_WARN_NON_LITERAL_NULL_CONVERSION = YES;
				CLANG_WARN_OBJC_IMPLICIT_RETAIN_SELF = YES;
				CLANG_WARN_OBJC_LITERAL_CONVERSION = YES;
				CLANG_WARN_OBJC_ROOT_CLASS = YES_ERROR;
				CLANG_WARN_RANGE_LOOP_ANALYSIS = YES;
				CLANG_WARN_STRICT_PROTOTYPES = YES;
				CLANG_WARN_SUSPICIOUS_MOVE = YES;
				CLANG_WARN_UNGUARDED_AVAILABILITY = YES_AGGRESSIVE;
				CLANG_WARN_UNREACHABLE_CODE = YES;
				CLANG_WARN__DUPLICATE_METHOD_MATCH = YES;
				CODE_SIGN_IDENTITY = "iPhone Developer";
				COPY_PHASE_STRIP = NO;
				DEBUG_INFORMATION_FORMAT = dwarf;
				ENABLE_STRICT_OBJC_MSGSEND = YES;
				ENABLE_TESTABILITY = YES;
				GCC_C_LANGUAGE_STANDARD = gnu11;
				GCC_DYNAMIC_NO_PIC = NO;
				GCC_NO_COMMON_BLOCKS = YES;
				GCC_OPTIMIZATION_LEVEL = 0;
				GCC_PREPROCESSOR_DEFINITIONS = (
					"DEBUG=1",
					"$(inherited)",
				);
				GCC_WARN_64_TO_32_BIT_CONVERSION = YES;
				GCC_WARN_ABOUT_RETURN_TYPE = YES_ERROR;
				GCC_WARN_UNDECLARED_SELECTOR = YES;
				GCC_WARN_UNINITIALIZED_AUTOS = YES_AGGRESSIVE;
				GCC_WARN_UNUSED_FUNCTION = YES;
				GCC_WARN_UNUSED_VARIABLE = YES;
				IPHONEOS_DEPLOYMENT_TARGET = 11.4;
				MTL_ENABLE_DEBUG_INFO = YES;
				ONLY_ACTIVE_ARCH = YES;
				SDKROOT = iphoneos;
				SWIFT_ACTIVE_COMPILATION_CONDITIONS = DEBUG;
				SWIFT_OPTIMIZATION_LEVEL = "-Onone";
			};
			name = Debug;
		};
		6A21A70121580B5900D66C9E /* Release */ = {
			isa = XCBuildConfiguration;
			buildSettings = {
				ALWAYS_SEARCH_USER_PATHS = NO;
				CLANG_ANALYZER_NONNULL = YES;
				CLANG_ANALYZER_NUMBER_OBJECT_CONVERSION = YES_AGGRESSIVE;
				CLANG_CXX_LANGUAGE_STANDARD = "gnu++14";
				CLANG_CXX_LIBRARY = "libc++";
				CLANG_ENABLE_MODULES = YES;
				CLANG_ENABLE_OBJC_ARC = YES;
				CLANG_ENABLE_OBJC_WEAK = YES;
				CLANG_WARN_BLOCK_CAPTURE_AUTORELEASING = YES;
				CLANG_WARN_BOOL_CONVERSION = YES;
				CLANG_WARN_COMMA = YES;
				CLANG_WARN_CONSTANT_CONVERSION = YES;
				CLANG_WARN_DEPRECATED_OBJC_IMPLEMENTATIONS = YES;
				CLANG_WARN_DIRECT_OBJC_ISA_USAGE = YES_ERROR;
				CLANG_WARN_DOCUMENTATION_COMMENTS = YES;
				CLANG_WARN_EMPTY_BODY = YES;
				CLANG_WARN_ENUM_CONVERSION = YES;
				CLANG_WARN_INFINITE_RECURSION = YES;
				CLANG_WARN_INT_CONVERSION = YES;
				CLANG_WARN_NON_LITERAL_NULL_CONVERSION = YES;
				CLANG_WARN_OBJC_IMPLICIT_RETAIN_SELF = YES;
				CLANG_WARN_OBJC_LITERAL_CONVERSION = YES;
				CLANG_WARN_OBJC_ROOT_CLASS = YES_ERROR;
				CLANG_WARN_RANGE_LOOP_ANALYSIS = YES;
				CLANG_WARN_STRICT_PROTOTYPES = YES;
				CLANG_WARN_SUSPICIOUS_MOVE = YES;
				CLANG_WARN_UNGUARDED_AVAILABILITY = YES_AGGRESSIVE;
				CLANG_WARN_UNREACHABLE_CODE = YES;
				CLANG_WARN__DUPLICATE_METHOD_MATCH = YES;
				CODE_SIGN_IDENTITY = "iPhone Developer";
				COPY_PHASE_STRIP = NO;
				DEBUG_INFORMATION_FORMAT = "dwarf-with-dsym";
				ENABLE_NS_ASSERTIONS = NO;
				ENABLE_STRICT_OBJC_MSGSEND = YES;
				GCC_C_LANGUAGE_STANDARD = gnu11;
				GCC_NO_COMMON_BLOCKS = YES;
				GCC_WARN_64_TO_32_BIT_CONVERSION = YES;
				GCC_WARN_ABOUT_RETURN_TYPE = YES_ERROR;
				GCC_WARN_UNDECLARED_SELECTOR = YES;
				GCC_WARN_UNINITIALIZED_AUTOS = YES_AGGRESSIVE;
				GCC_WARN_UNUSED_FUNCTION = YES;
				GCC_WARN_UNUSED_VARIABLE = YES;
				IPHONEOS_DEPLOYMENT_TARGET = 11.4;
				MTL_ENABLE_DEBUG_INFO = NO;
				SDKROOT = iphoneos;
				SWIFT_COMPILATION_MODE = wholemodule;
				SWIFT_OPTIMIZATION_LEVEL = "-O";
				VALIDATE_PRODUCT = YES;
			};
			name = Release;
		};
		6A21A70321580B5900D66C9E /* Debug */ = {
			isa = XCBuildConfiguration;
			buildSettings = {
				ASSETCATALOG_COMPILER_APPICON_NAME = AppIcon;
				CODE_SIGN_STYLE = Automatic;
				DEVELOPMENT_TEAM = GRB7FB288F;
				INFOPLIST_FILE = "PA Parks/Info.plist";
				LD_RUNPATH_SEARCH_PATHS = (
					"$(inherited)",
					"@executable_path/Frameworks",
				);
				PRODUCT_BUNDLE_IDENTIFIER = "edu.psu.cse.AccessID.PA-Parks";
				PRODUCT_NAME = "$(TARGET_NAME)";
				SWIFT_VERSION = 4.2;
				TARGETED_DEVICE_FAMILY = "1,2";
			};
			name = Debug;
		};
		6A21A70421580B5900D66C9E /* Release */ = {
			isa = XCBuildConfiguration;
			buildSettings = {
				ASSETCATALOG_COMPILER_APPICON_NAME = AppIcon;
				CODE_SIGN_STYLE = Automatic;
				DEVELOPMENT_TEAM = GRB7FB288F;
				INFOPLIST_FILE = "PA Parks/Info.plist";
				LD_RUNPATH_SEARCH_PATHS = (
					"$(inherited)",
					"@executable_path/Frameworks",
				);
				PRODUCT_BUNDLE_IDENTIFIER = "edu.psu.cse.AccessID.PA-Parks";
				PRODUCT_NAME = "$(TARGET_NAME)";
				SWIFT_VERSION = 4.2;
				TARGETED_DEVICE_FAMILY = "1,2";
			};
			name = Release;
		};
		6A21A70621580B5900D66C9E /* Debug */ = {
			isa = XCBuildConfiguration;
			buildSettings = {
				ALWAYS_EMBED_SWIFT_STANDARD_LIBRARIES = YES;
				BUNDLE_LOADER = "$(TEST_HOST)";
				CODE_SIGN_STYLE = Automatic;
				DEVELOPMENT_TEAM = GRB7FB288F;
				INFOPLIST_FILE = "PA ParksTests/Info.plist";
				LD_RUNPATH_SEARCH_PATHS = (
					"$(inherited)",
					"@executable_path/Frameworks",
					"@loader_path/Frameworks",
				);
				PRODUCT_BUNDLE_IDENTIFIER = "edu.psu.cse.AccessID.PA-ParksTests";
				PRODUCT_NAME = "$(TARGET_NAME)";
				SWIFT_VERSION = 4.2;
				TARGETED_DEVICE_FAMILY = "1,2";
				TEST_HOST = "$(BUILT_PRODUCTS_DIR)/PA Parks.app/PA Parks";
			};
			name = Debug;
		};
		6A21A70721580B5900D66C9E /* Release */ = {
			isa = XCBuildConfiguration;
			buildSettings = {
				ALWAYS_EMBED_SWIFT_STANDARD_LIBRARIES = YES;
				BUNDLE_LOADER = "$(TEST_HOST)";
				CODE_SIGN_STYLE = Automatic;
				DEVELOPMENT_TEAM = GRB7FB288F;
				INFOPLIST_FILE = "PA ParksTests/Info.plist";
				LD_RUNPATH_SEARCH_PATHS = (
					"$(inherited)",
					"@executable_path/Frameworks",
					"@loader_path/Frameworks",
				);
				PRODUCT_BUNDLE_IDENTIFIER = "edu.psu.cse.AccessID.PA-ParksTests";
				PRODUCT_NAME = "$(TARGET_NAME)";
				SWIFT_VERSION = 4.2;
				TARGETED_DEVICE_FAMILY = "1,2";
				TEST_HOST = "$(BUILT_PRODUCTS_DIR)/PA Parks.app/PA Parks";
			};
			name = Release;
		};
/* End XCBuildConfiguration section */

/* Begin XCConfigurationList section */
		6A21A6E021580B5800D66C9E /* Build configuration list for PBXProject "PA Parks" */ = {
			isa = XCConfigurationList;
			buildConfigurations = (
				6A21A70021580B5900D66C9E /* Debug */,
				6A21A70121580B5900D66C9E /* Release */,
			);
			defaultConfigurationIsVisible = 0;
			defaultConfigurationName = Release;
		};
		6A21A70221580B5900D66C9E /* Build configuration list for PBXNativeTarget "PA Parks" */ = {
			isa = XCConfigurationList;
			buildConfigurations = (
				6A21A70321580B5900D66C9E /* Debug */,
				6A21A70421580B5900D66C9E /* Release */,
			);
			defaultConfigurationIsVisible = 0;
			defaultConfigurationName = Release;
		};
		6A21A70521580B5900D66C9E /* Build configuration list for PBXNativeTarget "PA ParksTests" */ = {
			isa = XCConfigurationList;
			buildConfigurations = (
				6A21A70621580B5900D66C9E /* Debug */,
				6A21A70721580B5900D66C9E /* Release */,
			);
			defaultConfigurationIsVisible = 0;
			defaultConfigurationName = Release;
		};
/* End XCConfigurationList section */
	};
	rootObject = 6A21A6DD21580B5800D66C9E /* Project object */;
}
