// !$*UTF8*$!
{
	archiveVersion = 1;
	classes = {
	};
	objectVersion = 50;
	objects = {

/* Begin PBXBuildFile section */
		6ADA787E213388AE00DE1FC7 /* AppDelegate.swift in Sources */ = {isa = PBXBuildFile; fileRef = 6ADA787D213388AE00DE1FC7 /* AppDelegate.swift */; };
		6ADA7880213388AE00DE1FC7 /* ViewController.swift in Sources */ = {isa = PBXBuildFile; fileRef = 6ADA787F213388AE00DE1FC7 /* ViewController.swift */; };
		6ADA7883213388AE00DE1FC7 /* Main.storyboard in Resources */ = {isa = PBXBuildFile; fileRef = 6ADA7881213388AE00DE1FC7 /* Main.storyboard */; };
		6ADA7885213388AF00DE1FC7 /* Assets.xcassets in Resources */ = {isa = PBXBuildFile; fileRef = 6ADA7884213388AF00DE1FC7 /* Assets.xcassets */; };
		6ADA7888213388AF00DE1FC7 /* LaunchScreen.storyboard in Resources */ = {isa = PBXBuildFile; fileRef = 6ADA7886213388AF00DE1FC7 /* LaunchScreen.storyboard */; };
		6ADA7893213388AF00DE1FC7 /* Multiply_TestTests.swift in Sources */ = {isa = PBXBuildFile; fileRef = 6ADA7892213388AF00DE1FC7 /* Multiply_TestTests.swift */; };
/* End PBXBuildFile section */

/* Begin PBXContainerItemProxy section */
		6ADA788F213388AF00DE1FC7 /* PBXContainerItemProxy */ = {
			isa = PBXContainerItemProxy;
			containerPortal = 6ADA7872213388AE00DE1FC7 /* Project object */;
			proxyType = 1;
			remoteGlobalIDString = 6ADA7879213388AE00DE1FC7;
			remoteInfo = "Multiply Test";
		};
/* End PBXContainerItemProxy section */

/* Begin PBXFileReference section */
		6ADA787A213388AE00DE1FC7 /* Multiply Test.app */ = {isa = PBXFileReference; explicitFileType = wrapper.application; includeInIndex = 0; path = "Multiply Test.app"; sourceTree = BUILT_PRODUCTS_DIR; };
		6ADA787D213388AE00DE1FC7 /* AppDelegate.swift */ = {isa = PBXFileReference; lastKnownFileType = sourcecode.swift; path = AppDelegate.swift; sourceTree = "<group>"; };
		6ADA787F213388AE00DE1FC7 /* ViewController.swift */ = {isa = PBXFileReference; lastKnownFileType = sourcecode.swift; path = ViewController.swift; sourceTree = "<group>"; };
		6ADA7882213388AE00DE1FC7 /* Base */ = {isa = PBXFileReference; lastKnownFileType = file.storyboard; name = Base; path = Base.lproj/Main.storyboard; sourceTree = "<group>"; };
		6ADA7884213388AF00DE1FC7 /* Assets.xcassets */ = {isa = PBXFileReference; lastKnownFileType = folder.assetcatalog; path = Assets.xcassets; sourceTree = "<group>"; };
		6ADA7887213388AF00DE1FC7 /* Base */ = {isa = PBXFileReference; lastKnownFileType = file.storyboard; name = Base; path = Base.lproj/LaunchScreen.storyboard; sourceTree = "<group>"; };
		6ADA7889213388AF00DE1FC7 /* Info.plist */ = {isa = PBXFileReference; lastKnownFileType = text.plist.xml; path = Info.plist; sourceTree = "<group>"; };
		6ADA788E213388AF00DE1FC7 /* Multiply TestTests.xctest */ = {isa = PBXFileReference; explicitFileType = wrapper.cfbundle; includeInIndex = 0; path = "Multiply TestTests.xctest"; sourceTree = BUILT_PRODUCTS_DIR; };
		6ADA7892213388AF00DE1FC7 /* Multiply_TestTests.swift */ = {isa = PBXFileReference; lastKnownFileType = sourcecode.swift; path = Multiply_TestTests.swift; sourceTree = "<group>"; };
		6ADA7894213388AF00DE1FC7 /* Info.plist */ = {isa = PBXFileReference; lastKnownFileType = text.plist.xml; path = Info.plist; sourceTree = "<group>"; };
/* End PBXFileReference section */

/* Begin PBXFrameworksBuildPhase section */
		6ADA7877213388AE00DE1FC7 /* Frameworks */ = {
			isa = PBXFrameworksBuildPhase;
			buildActionMask = 2147483647;
			files = (
			);
			runOnlyForDeploymentPostprocessing = 0;
		};
		6ADA788B213388AF00DE1FC7 /* Frameworks */ = {
			isa = PBXFrameworksBuildPhase;
			buildActionMask = 2147483647;
			files = (
			);
			runOnlyForDeploymentPostprocessing = 0;
		};
/* End PBXFrameworksBuildPhase section */

/* Begin PBXGroup section */
		6ADA7871213388AE00DE1FC7 = {
			isa = PBXGroup;
			children = (
				6ADA787C213388AE00DE1FC7 /* Multiply Test */,
				6ADA7891213388AF00DE1FC7 /* Multiply TestTests */,
				6ADA787B213388AE00DE1FC7 /* Products */,
			);
			sourceTree = "<group>";
		};
		6ADA787B213388AE00DE1FC7 /* Products */ = {
			isa = PBXGroup;
			children = (
				6ADA787A213388AE00DE1FC7 /* Multiply Test.app */,
				6ADA788E213388AF00DE1FC7 /* Multiply TestTests.xctest */,
			);
			name = Products;
			sourceTree = "<group>";
		};
		6ADA787C213388AE00DE1FC7 /* Multiply Test */ = {
			isa = PBXGroup;
			children = (
				6ADA787D213388AE00DE1FC7 /* AppDelegate.swift */,
				6ADA787F213388AE00DE1FC7 /* ViewController.swift */,
				6ADA7881213388AE00DE1FC7 /* Main.storyboard */,
				6ADA7884213388AF00DE1FC7 /* Assets.xcassets */,
				6ADA7886213388AF00DE1FC7 /* LaunchScreen.storyboard */,
				6ADA7889213388AF00DE1FC7 /* Info.plist */,
			);
			path = "Multiply Test";
			sourceTree = "<group>";
		};
		6ADA7891213388AF00DE1FC7 /* Multiply TestTests */ = {
			isa = PBXGroup;
			children = (
				6ADA7892213388AF00DE1FC7 /* Multiply_TestTests.swift */,
				6ADA7894213388AF00DE1FC7 /* Info.plist */,
			);
			path = "Multiply TestTests";
			sourceTree = "<group>";
		};
/* End PBXGroup section */

/* Begin PBXNativeTarget section */
		6ADA7879213388AE00DE1FC7 /* Multiply Test */ = {
			isa = PBXNativeTarget;
			buildConfigurationList = 6ADA7897213388AF00DE1FC7 /* Build configuration list for PBXNativeTarget "Multiply Test" */;
			buildPhases = (
				6ADA7876213388AE00DE1FC7 /* Sources */,
				6ADA7877213388AE00DE1FC7 /* Frameworks */,
				6ADA7878213388AE00DE1FC7 /* Resources */,
			);
			buildRules = (
			);
			dependencies = (
			);
			name = "Multiply Test";
			productName = "Multiply Test";
			productReference = 6ADA787A213388AE00DE1FC7 /* Multiply Test.app */;
			productType = "com.apple.product-type.application";
		};
		6ADA788D213388AF00DE1FC7 /* Multiply TestTests */ = {
			isa = PBXNativeTarget;
			buildConfigurationList = 6ADA789A213388AF00DE1FC7 /* Build configuration list for PBXNativeTarget "Multiply TestTests" */;
			buildPhases = (
				6ADA788A213388AF00DE1FC7 /* Sources */,
				6ADA788B213388AF00DE1FC7 /* Frameworks */,
				6ADA788C213388AF00DE1FC7 /* Resources */,
			);
			buildRules = (
			);
			dependencies = (
				6ADA7890213388AF00DE1FC7 /* PBXTargetDependency */,
			);
			name = "Multiply TestTests";
			productName = "Multiply TestTests";
			productReference = 6ADA788E213388AF00DE1FC7 /* Multiply TestTests.xctest */;
			productType = "com.apple.product-type.bundle.unit-test";
		};
/* End PBXNativeTarget section */

/* Begin PBXProject section */
		6ADA7872213388AE00DE1FC7 /* Project object */ = {
			isa = PBXProject;
			attributes = {
				LastSwiftUpdateCheck = 0940;
				LastUpgradeCheck = 0940;
				ORGANIZATIONNAME = "Pranav Jain";
				TargetAttributes = {
					6ADA7879213388AE00DE1FC7 = {
						CreatedOnToolsVersion = 9.4.1;
					};
					6ADA788D213388AF00DE1FC7 = {
						CreatedOnToolsVersion = 9.4.1;
						TestTargetID = 6ADA7879213388AE00DE1FC7;
					};
				};
			};
			buildConfigurationList = 6ADA7875213388AE00DE1FC7 /* Build configuration list for PBXProject "Multiply Test" */;
			compatibilityVersion = "Xcode 9.3";
			developmentRegion = en;
			hasScannedForEncodings = 0;
			knownRegions = (
				en,
				Base,
			);
			mainGroup = 6ADA7871213388AE00DE1FC7;
			productRefGroup = 6ADA787B213388AE00DE1FC7 /* Products */;
			projectDirPath = "";
			projectRoot = "";
			targets = (
				6ADA7879213388AE00DE1FC7 /* Multiply Test */,
				6ADA788D213388AF00DE1FC7 /* Multiply TestTests */,
			);
		};
/* End PBXProject section */

/* Begin PBXResourcesBuildPhase section */
		6ADA7878213388AE00DE1FC7 /* Resources */ = {
			isa = PBXResourcesBuildPhase;
			buildActionMask = 2147483647;
			files = (
				6ADA7888213388AF00DE1FC7 /* LaunchScreen.storyboard in Resources */,
				6ADA7885213388AF00DE1FC7 /* Assets.xcassets in Resources */,
				6ADA7883213388AE00DE1FC7 /* Main.storyboard in Resources */,
			);
			runOnlyForDeploymentPostprocessing = 0;
		};
		6ADA788C213388AF00DE1FC7 /* Resources */ = {
			isa = PBXResourcesBuildPhase;
			buildActionMask = 2147483647;
			files = (
			);
			runOnlyForDeploymentPostprocessing = 0;
		};
/* End PBXResourcesBuildPhase section */

/* Begin PBXSourcesBuildPhase section */
		6ADA7876213388AE00DE1FC7 /* Sources */ = {
			isa = PBXSourcesBuildPhase;
			buildActionMask = 2147483647;
			files = (
				6ADA7880213388AE00DE1FC7 /* ViewController.swift in Sources */,
				6ADA787E213388AE00DE1FC7 /* AppDelegate.swift in Sources */,
			);
			runOnlyForDeploymentPostprocessing = 0;
		};
		6ADA788A213388AF00DE1FC7 /* Sources */ = {
			isa = PBXSourcesBuildPhase;
			buildActionMask = 2147483647;
			files = (
				6ADA7893213388AF00DE1FC7 /* Multiply_TestTests.swift in Sources */,
			);
			runOnlyForDeploymentPostprocessing = 0;
		};
/* End PBXSourcesBuildPhase section */

/* Begin PBXTargetDependency section */
		6ADA7890213388AF00DE1FC7 /* PBXTargetDependency */ = {
			isa = PBXTargetDependency;
			target = 6ADA7879213388AE00DE1FC7 /* Multiply Test */;
			targetProxy = 6ADA788F213388AF00DE1FC7 /* PBXContainerItemProxy */;
		};
/* End PBXTargetDependency section */

/* Begin PBXVariantGroup section */
		6ADA7881213388AE00DE1FC7 /* Main.storyboard */ = {
			isa = PBXVariantGroup;
			children = (
				6ADA7882213388AE00DE1FC7 /* Base */,
			);
			name = Main.storyboard;
			sourceTree = "<group>";
		};
		6ADA7886213388AF00DE1FC7 /* LaunchScreen.storyboard */ = {
			isa = PBXVariantGroup;
			children = (
				6ADA7887213388AF00DE1FC7 /* Base */,
			);
			name = LaunchScreen.storyboard;
			sourceTree = "<group>";
		};
/* End PBXVariantGroup section */

/* Begin XCBuildConfiguration section */
		6ADA7895213388AF00DE1FC7 /* Debug */ = {
			isa = XCBuildConfiguration;
			buildSettings = {
				ALWAYS_SEARCH_USER_PATHS = NO;
				CLANG_ANALYZER_NONNULL = YES;
				CLANG_ANALYZER_NUMBER_OBJECT_CONVERSION = YES_AGGRESSIVE;
				CLANG_CXX_LANGUAGE_STANDARD = "gnu++14";
				CLANG_CXX_LIBRARY = "libc++";
				CLANG_ENABLE_MODULES = YES;
				CLANG_ENABLE_OBJC_ARC = YES;
				CLANG_ENABLE_OBJC_WEAK = YES;
				CLANG_WARN_BLOCK_CAPTURE_AUTORELEASING = YES;
				CLANG_WARN_BOOL_CONVERSION = YES;
				CLANG_WARN_COMMA = YES;
				CLANG_WARN_CONSTANT_CONVERSION = YES;
				CLANG_WARN_DEPRECATED_OBJC_IMPLEMENTATIONS = YES;
				CLANG_WARN_DIRECT_OBJC_ISA_USAGE = YES_ERROR;
				CLANG_WARN_DOCUMENTATION_COMMENTS = YES;
				CLANG_WARN_EMPTY_BODY = YES;
				CLANG_WARN_ENUM_CONVERSION = YES;
				CLANG_WARN_INFINITE_RECURSION = YES;
				CLANG_WARN_INT_CONVERSION = YES;
				CLANG_WARN_NON_LITERAL_NULL_CONVERSION = YES;
				CLANG_WARN_OBJC_IMPLICIT_RETAIN_SELF = YES;
				CLANG_WARN_OBJC_LITERAL_CONVERSION = YES;
				CLANG_WARN_OBJC_ROOT_CLASS = YES_ERROR;
				CLANG_WARN_RANGE_LOOP_ANALYSIS = YES;
				CLANG_WARN_STRICT_PROTOTYPES = YES;
				CLANG_WARN_SUSPICIOUS_MOVE = YES;
				CLANG_WARN_UNGUARDED_AVAILABILITY = YES_AGGRESSIVE;
				CLANG_WARN_UNREACHABLE_CODE = YES;
				CLANG_WARN__DUPLICATE_METHOD_MATCH = YES;
				CODE_SIGN_IDENTITY = "iPhone Developer";
				COPY_PHASE_STRIP = NO;
				DEBUG_INFORMATION_FORMAT = dwarf;
				ENABLE_STRICT_OBJC_MSGSEND = YES;
				ENABLE_TESTABILITY = YES;
				GCC_C_LANGUAGE_STANDARD = gnu11;
				GCC_DYNAMIC_NO_PIC = NO;
				GCC_NO_COMMON_BLOCKS = YES;
				GCC_OPTIMIZATION_LEVEL = 0;
				GCC_PREPROCESSOR_DEFINITIONS = (
					"DEBUG=1",
					"$(inherited)",
				);
				GCC_WARN_64_TO_32_BIT_CONVERSION = YES;
				GCC_WARN_ABOUT_RETURN_TYPE = YES_ERROR;
				GCC_WARN_UNDECLARED_SELECTOR = YES;
				GCC_WARN_UNINITIALIZED_AUTOS = YES_AGGRESSIVE;
				GCC_WARN_UNUSED_FUNCTION = YES;
				GCC_WARN_UNUSED_VARIABLE = YES;
				IPHONEOS_DEPLOYMENT_TARGET = 11.4;
				MTL_ENABLE_DEBUG_INFO = YES;
				ONLY_ACTIVE_ARCH = YES;
				SDKROOT = iphoneos;
				SWIFT_ACTIVE_COMPILATION_CONDITIONS = DEBUG;
				SWIFT_OPTIMIZATION_LEVEL = "-Onone";
			};
			name = Debug;
		};
		6ADA7896213388AF00DE1FC7 /* Release */ = {
			isa = XCBuildConfiguration;
			buildSettings = {
				ALWAYS_SEARCH_USER_PATHS = NO;
				CLANG_ANALYZER_NONNULL = YES;
				CLANG_ANALYZER_NUMBER_OBJECT_CONVERSION = YES_AGGRESSIVE;
				CLANG_CXX_LANGUAGE_STANDARD = "gnu++14";
				CLANG_CXX_LIBRARY = "libc++";
				CLANG_ENABLE_MODULES = YES;
				CLANG_ENABLE_OBJC_ARC = YES;
				CLANG_ENABLE_OBJC_WEAK = YES;
				CLANG_WARN_BLOCK_CAPTURE_AUTORELEASING = YES;
				CLANG_WARN_BOOL_CONVERSION = YES;
				CLANG_WARN_COMMA = YES;
				CLANG_WARN_CONSTANT_CONVERSION = YES;
				CLANG_WARN_DEPRECATED_OBJC_IMPLEMENTATIONS = YES;
				CLANG_WARN_DIRECT_OBJC_ISA_USAGE = YES_ERROR;
				CLANG_WARN_DOCUMENTATION_COMMENTS = YES;
				CLANG_WARN_EMPTY_BODY = YES;
				CLANG_WARN_ENUM_CONVERSION = YES;
				CLANG_WARN_INFINITE_RECURSION = YES;
				CLANG_WARN_INT_CONVERSION = YES;
				CLANG_WARN_NON_LITERAL_NULL_CONVERSION = YES;
				CLANG_WARN_OBJC_IMPLICIT_RETAIN_SELF = YES;
				CLANG_WARN_OBJC_LITERAL_CONVERSION = YES;
				CLANG_WARN_OBJC_ROOT_CLASS = YES_ERROR;
				CLANG_WARN_RANGE_LOOP_ANALYSIS = YES;
				CLANG_WARN_STRICT_PROTOTYPES = YES;
				CLANG_WARN_SUSPICIOUS_MOVE = YES;
				CLANG_WARN_UNGUARDED_AVAILABILITY = YES_AGGRESSIVE;
				CLANG_WARN_UNREACHABLE_CODE = YES;
				CLANG_WARN__DUPLICATE_METHOD_MATCH = YES;
				CODE_SIGN_IDENTITY = "iPhone Developer";
				COPY_PHASE_STRIP = NO;
				DEBUG_INFORMATION_FORMAT = "dwarf-with-dsym";
				ENABLE_NS_ASSERTIONS = NO;
				ENABLE_STRICT_OBJC_MSGSEND = YES;
				GCC_C_LANGUAGE_STANDARD = gnu11;
				GCC_NO_COMMON_BLOCKS = YES;
				GCC_WARN_64_TO_32_BIT_CONVERSION = YES;
				GCC_WARN_ABOUT_RETURN_TYPE = YES_ERROR;
				GCC_WARN_UNDECLARED_SELECTOR = YES;
				GCC_WARN_UNINITIALIZED_AUTOS = YES_AGGRESSIVE;
				GCC_WARN_UNUSED_FUNCTION = YES;
				GCC_WARN_UNUSED_VARIABLE = YES;
				IPHONEOS_DEPLOYMENT_TARGET = 11.4;
				MTL_ENABLE_DEBUG_INFO = NO;
				SDKROOT = iphoneos;
				SWIFT_COMPILATION_MODE = wholemodule;
				SWIFT_OPTIMIZATION_LEVEL = "-O";
				VALIDATE_PRODUCT = YES;
			};
			name = Release;
		};
		6ADA7898213388AF00DE1FC7 /* Debug */ = {
			isa = XCBuildConfiguration;
			buildSettings = {
				ASSETCATALOG_COMPILER_APPICON_NAME = AppIcon;
				CODE_SIGN_STYLE = Automatic;
				DEVELOPMENT_TEAM = WJDVJGMV64;
				INFOPLIST_FILE = "Multiply Test/Info.plist";
				LD_RUNPATH_SEARCH_PATHS = (
					"$(inherited)",
					"@executable_path/Frameworks",
				);
				PRODUCT_BUNDLE_IDENTIFIER = "edu.psu.cse.pxj5088.Multiply-Test";
				PRODUCT_NAME = "$(TARGET_NAME)";
				SWIFT_VERSION = 4.0;
				TARGETED_DEVICE_FAMILY = "1,2";
			};
			name = Debug;
		};
		6ADA7899213388AF00DE1FC7 /* Release */ = {
			isa = XCBuildConfiguration;
			buildSettings = {
				ASSETCATALOG_COMPILER_APPICON_NAME = AppIcon;
				CODE_SIGN_STYLE = Automatic;
				DEVELOPMENT_TEAM = WJDVJGMV64;
				INFOPLIST_FILE = "Multiply Test/Info.plist";
				LD_RUNPATH_SEARCH_PATHS = (
					"$(inherited)",
					"@executable_path/Frameworks",
				);
				PRODUCT_BUNDLE_IDENTIFIER = "edu.psu.cse.pxj5088.Multiply-Test";
				PRODUCT_NAME = "$(TARGET_NAME)";
				SWIFT_VERSION = 4.0;
				TARGETED_DEVICE_FAMILY = "1,2";
			};
			name = Release;
		};
		6ADA789B213388AF00DE1FC7 /* Debug */ = {
			isa = XCBuildConfiguration;
			buildSettings = {
				ALWAYS_EMBED_SWIFT_STANDARD_LIBRARIES = YES;
				BUNDLE_LOADER = "$(TEST_HOST)";
				CODE_SIGN_STYLE = Automatic;
				DEVELOPMENT_TEAM = GRB7FB288F;
				INFOPLIST_FILE = "Multiply TestTests/Info.plist";
				LD_RUNPATH_SEARCH_PATHS = (
					"$(inherited)",
					"@executable_path/Frameworks",
					"@loader_path/Frameworks",
				);
				PRODUCT_BUNDLE_IDENTIFIER = "edu.psu.cse.AccessID.Multiply-TestTests";
				PRODUCT_NAME = "$(TARGET_NAME)";
				SWIFT_VERSION = 4.0;
				TARGETED_DEVICE_FAMILY = "1,2";
				TEST_HOST = "$(BUILT_PRODUCTS_DIR)/Multiply Test.app/Multiply Test";
			};
			name = Debug;
		};
		6ADA789C213388AF00DE1FC7 /* Release */ = {
			isa = XCBuildConfiguration;
			buildSettings = {
				ALWAYS_EMBED_SWIFT_STANDARD_LIBRARIES = YES;
				BUNDLE_LOADER = "$(TEST_HOST)";
				CODE_SIGN_STYLE = Automatic;
				DEVELOPMENT_TEAM = GRB7FB288F;
				INFOPLIST_FILE = "Multiply TestTests/Info.plist";
				LD_RUNPATH_SEARCH_PATHS = (
					"$(inherited)",
					"@executable_path/Frameworks",
					"@loader_path/Frameworks",
				);
				PRODUCT_BUNDLE_IDENTIFIER = "edu.psu.cse.AccessID.Multiply-TestTests";
				PRODUCT_NAME = "$(TARGET_NAME)";
				SWIFT_VERSION = 4.0;
				TARGETED_DEVICE_FAMILY = "1,2";
				TEST_HOST = "$(BUILT_PRODUCTS_DIR)/Multiply Test.app/Multiply Test";
			};
			name = Release;
		};
/* End XCBuildConfiguration section */

/* Begin XCConfigurationList section */
		6ADA7875213388AE00DE1FC7 /* Build configuration list for PBXProject "Multiply Test" */ = {
			isa = XCConfigurationList;
			buildConfigurations = (
				6ADA7895213388AF00DE1FC7 /* Debug */,
				6ADA7896213388AF00DE1FC7 /* Release */,
			);
			defaultConfigurationIsVisible = 0;
			defaultConfigurationName = Release;
		};
		6ADA7897213388AF00DE1FC7 /* Build configuration list for PBXNativeTarget "Multiply Test" */ = {
			isa = XCConfigurationList;
			buildConfigurations = (
				6ADA7898213388AF00DE1FC7 /* Debug */,
				6ADA7899213388AF00DE1FC7 /* Release */,
			);
			defaultConfigurationIsVisible = 0;
			defaultConfigurationName = Release;
		};
		6ADA789A213388AF00DE1FC7 /* Build configuration list for PBXNativeTarget "Multiply TestTests" */ = {
			isa = XCConfigurationList;
			buildConfigurations = (
				6ADA789B213388AF00DE1FC7 /* Debug */,
				6ADA789C213388AF00DE1FC7 /* Release */,
			);
			defaultConfigurationIsVisible = 0;
			defaultConfigurationName = Release;
		};
/* End XCConfigurationList section */
	};
	rootObject = 6ADA7872213388AE00DE1FC7 /* Project object */;
}
