// !$*UTF8*$!
{
	archiveVersion = 1;
	classes = {
	};
	objectVersion = 50;
	objects = {

/* Begin PBXBuildFile section */
		6A1A2092214187A60084BC28 /* AppDelegate.swift in Sources */ = {isa = PBXBuildFile; fileRef = 6A1A2091214187A60084BC28 /* AppDelegate.swift */; };
		6A1A2094214187A60084BC28 /* ViewController.swift in Sources */ = {isa = PBXBuildFile; fileRef = 6A1A2093214187A60084BC28 /* ViewController.swift */; };
		6A1A2097214187A60084BC28 /* Main.storyboard in Resources */ = {isa = PBXBuildFile; fileRef = 6A1A2095214187A60084BC28 /* Main.storyboard */; };
		6A1A2099214187A70084BC28 /* Assets.xcassets in Resources */ = {isa = PBXBuildFile; fileRef = 6A1A2098214187A70084BC28 /* Assets.xcassets */; };
		6A1A209C214187A70084BC28 /* LaunchScreen.storyboard in Resources */ = {isa = PBXBuildFile; fileRef = 6A1A209A214187A70084BC28 /* LaunchScreen.storyboard */; };
		6A1A20A7214187A70084BC28 /* Pentomino_GameTests.swift in Sources */ = {isa = PBXBuildFile; fileRef = 6A1A20A6214187A70084BC28 /* Pentomino_GameTests.swift */; };
		6A744596214432B6008757A2 /* PentominoModel.swift in Sources */ = {isa = PBXBuildFile; fileRef = 6A744595214432B6008757A2 /* PentominoModel.swift */; };
		6A744598214448E7008757A2 /* Solutions.plist in Resources */ = {isa = PBXBuildFile; fileRef = 6A744597214448E7008757A2 /* Solutions.plist */; };
/* End PBXBuildFile section */

/* Begin PBXContainerItemProxy section */
		6A1A20A3214187A70084BC28 /* PBXContainerItemProxy */ = {
			isa = PBXContainerItemProxy;
			containerPortal = 6A1A2086214187A60084BC28 /* Project object */;
			proxyType = 1;
			remoteGlobalIDString = 6A1A208D214187A60084BC28;
			remoteInfo = "Pentomino Game";
		};
/* End PBXContainerItemProxy section */

/* Begin PBXFileReference section */
		6A1A208E214187A60084BC28 /* Pentomino Game.app */ = {isa = PBXFileReference; explicitFileType = wrapper.application; includeInIndex = 0; path = "Pentomino Game.app"; sourceTree = BUILT_PRODUCTS_DIR; };
		6A1A2091214187A60084BC28 /* AppDelegate.swift */ = {isa = PBXFileReference; lastKnownFileType = sourcecode.swift; path = AppDelegate.swift; sourceTree = "<group>"; };
		6A1A2093214187A60084BC28 /* ViewController.swift */ = {isa = PBXFileReference; lastKnownFileType = sourcecode.swift; path = ViewController.swift; sourceTree = "<group>"; };
		6A1A2096214187A60084BC28 /* Base */ = {isa = PBXFileReference; lastKnownFileType = file.storyboard; name = Base; path = Base.lproj/Main.storyboard; sourceTree = "<group>"; };
		6A1A2098214187A70084BC28 /* Assets.xcassets */ = {isa = PBXFileReference; lastKnownFileType = folder.assetcatalog; path = Assets.xcassets; sourceTree = "<group>"; };
		6A1A209B214187A70084BC28 /* Base */ = {isa = PBXFileReference; lastKnownFileType = file.storyboard; name = Base; path = Base.lproj/LaunchScreen.storyboard; sourceTree = "<group>"; };
		6A1A209D214187A70084BC28 /* Info.plist */ = {isa = PBXFileReference; lastKnownFileType = text.plist.xml; path = Info.plist; sourceTree = "<group>"; };
		6A1A20A2214187A70084BC28 /* Pentomino GameTests.xctest */ = {isa = PBXFileReference; explicitFileType = wrapper.cfbundle; includeInIndex = 0; path = "Pentomino GameTests.xctest"; sourceTree = BUILT_PRODUCTS_DIR; };
		6A1A20A6214187A70084BC28 /* Pentomino_GameTests.swift */ = {isa = PBXFileReference; lastKnownFileType = sourcecode.swift; path = Pentomino_GameTests.swift; sourceTree = "<group>"; };
		6A1A20A8214187A70084BC28 /* Info.plist */ = {isa = PBXFileReference; lastKnownFileType = text.plist.xml; path = Info.plist; sourceTree = "<group>"; };
		6A744595214432B6008757A2 /* PentominoModel.swift */ = {isa = PBXFileReference; fileEncoding = 4; lastKnownFileType = sourcecode.swift; path = PentominoModel.swift; sourceTree = "<group>"; };
		6A744597214448E7008757A2 /* Solutions.plist */ = {isa = PBXFileReference; fileEncoding = 4; lastKnownFileType = text.plist.xml; path = Solutions.plist; sourceTree = "<group>"; };
/* End PBXFileReference section */

/* Begin PBXFrameworksBuildPhase section */
		6A1A208B214187A60084BC28 /* Frameworks */ = {
			isa = PBXFrameworksBuildPhase;
			buildActionMask = 2147483647;
			files = (
			);
			runOnlyForDeploymentPostprocessing = 0;
		};
		6A1A209F214187A70084BC28 /* Frameworks */ = {
			isa = PBXFrameworksBuildPhase;
			buildActionMask = 2147483647;
			files = (
			);
			runOnlyForDeploymentPostprocessing = 0;
		};
/* End PBXFrameworksBuildPhase section */

/* Begin PBXGroup section */
		6A1A2085214187A60084BC28 = {
			isa = PBXGroup;
			children = (
				6A1A2090214187A60084BC28 /* Pentomino Game */,
				6A1A20A5214187A70084BC28 /* Pentomino GameTests */,
				6A1A208F214187A60084BC28 /* Products */,
			);
			sourceTree = "<group>";
		};
		6A1A208F214187A60084BC28 /* Products */ = {
			isa = PBXGroup;
			children = (
				6A1A208E214187A60084BC28 /* Pentomino Game.app */,
				6A1A20A2214187A70084BC28 /* Pentomino GameTests.xctest */,
			);
			name = Products;
			sourceTree = "<group>";
		};
		6A1A2090214187A60084BC28 /* Pentomino Game */ = {
			isa = PBXGroup;
			children = (
				6A744595214432B6008757A2 /* PentominoModel.swift */,
				6A1A2091214187A60084BC28 /* AppDelegate.swift */,
				6A744597214448E7008757A2 /* Solutions.plist */,
				6A1A2093214187A60084BC28 /* ViewController.swift */,
				6A1A2095214187A60084BC28 /* Main.storyboard */,
				6A1A2098214187A70084BC28 /* Assets.xcassets */,
				6A1A209A214187A70084BC28 /* LaunchScreen.storyboard */,
				6A1A209D214187A70084BC28 /* Info.plist */,
			);
			path = "Pentomino Game";
			sourceTree = "<group>";
		};
		6A1A20A5214187A70084BC28 /* Pentomino GameTests */ = {
			isa = PBXGroup;
			children = (
				6A1A20A6214187A70084BC28 /* Pentomino_GameTests.swift */,
				6A1A20A8214187A70084BC28 /* Info.plist */,
			);
			path = "Pentomino GameTests";
			sourceTree = "<group>";
		};
/* End PBXGroup section */

/* Begin PBXNativeTarget section */
		6A1A208D214187A60084BC28 /* Pentomino Game */ = {
			isa = PBXNativeTarget;
			buildConfigurationList = 6A1A20AB214187A70084BC28 /* Build configuration list for PBXNativeTarget "Pentomino Game" */;
			buildPhases = (
				6A1A208A214187A60084BC28 /* Sources */,
				6A1A208B214187A60084BC28 /* Frameworks */,
				6A1A208C214187A60084BC28 /* Resources */,
			);
			buildRules = (
			);
			dependencies = (
			);
			name = "Pentomino Game";
			productName = "Pentomino Game";
			productReference = 6A1A208E214187A60084BC28 /* Pentomino Game.app */;
			productType = "com.apple.product-type.application";
		};
		6A1A20A1214187A70084BC28 /* Pentomino GameTests */ = {
			isa = PBXNativeTarget;
			buildConfigurationList = 6A1A20AE214187A70084BC28 /* Build configuration list for PBXNativeTarget "Pentomino GameTests" */;
			buildPhases = (
				6A1A209E214187A70084BC28 /* Sources */,
				6A1A209F214187A70084BC28 /* Frameworks */,
				6A1A20A0214187A70084BC28 /* Resources */,
			);
			buildRules = (
			);
			dependencies = (
				6A1A20A4214187A70084BC28 /* PBXTargetDependency */,
			);
			name = "Pentomino GameTests";
			productName = "Pentomino GameTests";
			productReference = 6A1A20A2214187A70084BC28 /* Pentomino GameTests.xctest */;
			productType = "com.apple.product-type.bundle.unit-test";
		};
/* End PBXNativeTarget section */

/* Begin PBXProject section */
		6A1A2086214187A60084BC28 /* Project object */ = {
			isa = PBXProject;
			attributes = {
				LastSwiftUpdateCheck = 0940;
				LastUpgradeCheck = 0940;
				ORGANIZATIONNAME = "Pranav Jain";
				TargetAttributes = {
					6A1A208D214187A60084BC28 = {
						CreatedOnToolsVersion = 9.4.1;
					};
					6A1A20A1214187A70084BC28 = {
						CreatedOnToolsVersion = 9.4.1;
						TestTargetID = 6A1A208D214187A60084BC28;
					};
				};
			};
			buildConfigurationList = 6A1A2089214187A60084BC28 /* Build configuration list for PBXProject "Pentomino Game" */;
			compatibilityVersion = "Xcode 9.3";
			developmentRegion = en;
			hasScannedForEncodings = 0;
			knownRegions = (
				en,
				Base,
			);
			mainGroup = 6A1A2085214187A60084BC28;
			productRefGroup = 6A1A208F214187A60084BC28 /* Products */;
			projectDirPath = "";
			projectRoot = "";
			targets = (
				6A1A208D214187A60084BC28 /* Pentomino Game */,
				6A1A20A1214187A70084BC28 /* Pentomino GameTests */,
			);
		};
/* End PBXProject section */

/* Begin PBXResourcesBuildPhase section */
		6A1A208C214187A60084BC28 /* Resources */ = {
			isa = PBXResourcesBuildPhase;
			buildActionMask = 2147483647;
			files = (
				6A1A209C214187A70084BC28 /* LaunchScreen.storyboard in Resources */,
				6A744598214448E7008757A2 /* Solutions.plist in Resources */,
				6A1A2099214187A70084BC28 /* Assets.xcassets in Resources */,
				6A1A2097214187A60084BC28 /* Main.storyboard in Resources */,
			);
			runOnlyForDeploymentPostprocessing = 0;
		};
		6A1A20A0214187A70084BC28 /* Resources */ = {
			isa = PBXResourcesBuildPhase;
			buildActionMask = 2147483647;
			files = (
			);
			runOnlyForDeploymentPostprocessing = 0;
		};
/* End PBXResourcesBuildPhase section */

/* Begin PBXSourcesBuildPhase section */
		6A1A208A214187A60084BC28 /* Sources */ = {
			isa = PBXSourcesBuildPhase;
			buildActionMask = 2147483647;
			files = (
				6A1A2094214187A60084BC28 /* ViewController.swift in Sources */,
				6A1A2092214187A60084BC28 /* AppDelegate.swift in Sources */,
				6A744596214432B6008757A2 /* PentominoModel.swift in Sources */,
			);
			runOnlyForDeploymentPostprocessing = 0;
		};
		6A1A209E214187A70084BC28 /* Sources */ = {
			isa = PBXSourcesBuildPhase;
			buildActionMask = 2147483647;
			files = (
				6A1A20A7214187A70084BC28 /* Pentomino_GameTests.swift in Sources */,
			);
			runOnlyForDeploymentPostprocessing = 0;
		};
/* End PBXSourcesBuildPhase section */

/* Begin PBXTargetDependency section */
		6A1A20A4214187A70084BC28 /* PBXTargetDependency */ = {
			isa = PBXTargetDependency;
			target = 6A1A208D214187A60084BC28 /* Pentomino Game */;
			targetProxy = 6A1A20A3214187A70084BC28 /* PBXContainerItemProxy */;
		};
/* End PBXTargetDependency section */

/* Begin PBXVariantGroup section */
		6A1A2095214187A60084BC28 /* Main.storyboard */ = {
			isa = PBXVariantGroup;
			children = (
				6A1A2096214187A60084BC28 /* Base */,
			);
			name = Main.storyboard;
			sourceTree = "<group>";
		};
		6A1A209A214187A70084BC28 /* LaunchScreen.storyboard */ = {
			isa = PBXVariantGroup;
			children = (
				6A1A209B214187A70084BC28 /* Base */,
			);
			name = LaunchScreen.storyboard;
			sourceTree = "<group>";
		};
/* End PBXVariantGroup section */

/* Begin XCBuildConfiguration section */
		6A1A20A9214187A70084BC28 /* Debug */ = {
			isa = XCBuildConfiguration;
			buildSettings = {
				ALWAYS_SEARCH_USER_PATHS = NO;
				CLANG_ANALYZER_NONNULL = YES;
				CLANG_ANALYZER_NUMBER_OBJECT_CONVERSION = YES_AGGRESSIVE;
				CLANG_CXX_LANGUAGE_STANDARD = "gnu++14";
				CLANG_CXX_LIBRARY = "libc++";
				CLANG_ENABLE_MODULES = YES;
				CLANG_ENABLE_OBJC_ARC = YES;
				CLANG_ENABLE_OBJC_WEAK = YES;
				CLANG_WARN_BLOCK_CAPTURE_AUTORELEASING = YES;
				CLANG_WARN_BOOL_CONVERSION = YES;
				CLANG_WARN_COMMA = YES;
				CLANG_WARN_CONSTANT_CONVERSION = YES;
				CLANG_WARN_DEPRECATED_OBJC_IMPLEMENTATIONS = YES;
				CLANG_WARN_DIRECT_OBJC_ISA_USAGE = YES_ERROR;
				CLANG_WARN_DOCUMENTATION_COMMENTS = YES;
				CLANG_WARN_EMPTY_BODY = YES;
				CLANG_WARN_ENUM_CONVERSION = YES;
				CLANG_WARN_INFINITE_RECURSION = YES;
				CLANG_WARN_INT_CONVERSION = YES;
				CLANG_WARN_NON_LITERAL_NULL_CONVERSION = YES;
				CLANG_WARN_OBJC_IMPLICIT_RETAIN_SELF = YES;
				CLANG_WARN_OBJC_LITERAL_CONVERSION = YES;
				CLANG_WARN_OBJC_ROOT_CLASS = YES_ERROR;
				CLANG_WARN_RANGE_LOOP_ANALYSIS = YES;
				CLANG_WARN_STRICT_PROTOTYPES = YES;
				CLANG_WARN_SUSPICIOUS_MOVE = YES;
				CLANG_WARN_UNGUARDED_AVAILABILITY = YES_AGGRESSIVE;
				CLANG_WARN_UNREACHABLE_CODE = YES;
				CLANG_WARN__DUPLICATE_METHOD_MATCH = YES;
				CODE_SIGN_IDENTITY = "iPhone Developer";
				COPY_PHASE_STRIP = NO;
				DEBUG_INFORMATION_FORMAT = dwarf;
				ENABLE_STRICT_OBJC_MSGSEND = YES;
				ENABLE_TESTABILITY = YES;
				GCC_C_LANGUAGE_STANDARD = gnu11;
				GCC_DYNAMIC_NO_PIC = NO;
				GCC_NO_COMMON_BLOCKS = YES;
				GCC_OPTIMIZATION_LEVEL = 0;
				GCC_PREPROCESSOR_DEFINITIONS = (
					"DEBUG=1",
					"$(inherited)",
				);
				GCC_WARN_64_TO_32_BIT_CONVERSION = YES;
				GCC_WARN_ABOUT_RETURN_TYPE = YES_ERROR;
				GCC_WARN_UNDECLARED_SELECTOR = YES;
				GCC_WARN_UNINITIALIZED_AUTOS = YES_AGGRESSIVE;
				GCC_WARN_UNUSED_FUNCTION = YES;
				GCC_WARN_UNUSED_VARIABLE = YES;
				IPHONEOS_DEPLOYMENT_TARGET = 11.4;
				MTL_ENABLE_DEBUG_INFO = YES;
				ONLY_ACTIVE_ARCH = YES;
				SDKROOT = iphoneos;
				SWIFT_ACTIVE_COMPILATION_CONDITIONS = DEBUG;
				SWIFT_OPTIMIZATION_LEVEL = "-Onone";
			};
			name = Debug;
		};
		6A1A20AA214187A70084BC28 /* Release */ = {
			isa = XCBuildConfiguration;
			buildSettings = {
				ALWAYS_SEARCH_USER_PATHS = NO;
				CLANG_ANALYZER_NONNULL = YES;
				CLANG_ANALYZER_NUMBER_OBJECT_CONVERSION = YES_AGGRESSIVE;
				CLANG_CXX_LANGUAGE_STANDARD = "gnu++14";
				CLANG_CXX_LIBRARY = "libc++";
				CLANG_ENABLE_MODULES = YES;
				CLANG_ENABLE_OBJC_ARC = YES;
				CLANG_ENABLE_OBJC_WEAK = YES;
				CLANG_WARN_BLOCK_CAPTURE_AUTORELEASING = YES;
				CLANG_WARN_BOOL_CONVERSION = YES;
				CLANG_WARN_COMMA = YES;
				CLANG_WARN_CONSTANT_CONVERSION = YES;
				CLANG_WARN_DEPRECATED_OBJC_IMPLEMENTATIONS = YES;
				CLANG_WARN_DIRECT_OBJC_ISA_USAGE = YES_ERROR;
				CLANG_WARN_DOCUMENTATION_COMMENTS = YES;
				CLANG_WARN_EMPTY_BODY = YES;
				CLANG_WARN_ENUM_CONVERSION = YES;
				CLANG_WARN_INFINITE_RECURSION = YES;
				CLANG_WARN_INT_CONVERSION = YES;
				CLANG_WARN_NON_LITERAL_NULL_CONVERSION = YES;
				CLANG_WARN_OBJC_IMPLICIT_RETAIN_SELF = YES;
				CLANG_WARN_OBJC_LITERAL_CONVERSION = YES;
				CLANG_WARN_OBJC_ROOT_CLASS = YES_ERROR;
				CLANG_WARN_RANGE_LOOP_ANALYSIS = YES;
				CLANG_WARN_STRICT_PROTOTYPES = YES;
				CLANG_WARN_SUSPICIOUS_MOVE = YES;
				CLANG_WARN_UNGUARDED_AVAILABILITY = YES_AGGRESSIVE;
				CLANG_WARN_UNREACHABLE_CODE = YES;
				CLANG_WARN__DUPLICATE_METHOD_MATCH = YES;
				CODE_SIGN_IDENTITY = "iPhone Developer";
				COPY_PHASE_STRIP = NO;
				DEBUG_INFORMATION_FORMAT = "dwarf-with-dsym";
				ENABLE_NS_ASSERTIONS = NO;
				ENABLE_STRICT_OBJC_MSGSEND = YES;
				GCC_C_LANGUAGE_STANDARD = gnu11;
				GCC_NO_COMMON_BLOCKS = YES;
				GCC_WARN_64_TO_32_BIT_CONVERSION = YES;
				GCC_WARN_ABOUT_RETURN_TYPE = YES_ERROR;
				GCC_WARN_UNDECLARED_SELECTOR = YES;
				GCC_WARN_UNINITIALIZED_AUTOS = YES_AGGRESSIVE;
				GCC_WARN_UNUSED_FUNCTION = YES;
				GCC_WARN_UNUSED_VARIABLE = YES;
				IPHONEOS_DEPLOYMENT_TARGET = 11.4;
				MTL_ENABLE_DEBUG_INFO = NO;
				SDKROOT = iphoneos;
				SWIFT_COMPILATION_MODE = wholemodule;
				SWIFT_OPTIMIZATION_LEVEL = "-O";
				VALIDATE_PRODUCT = YES;
			};
			name = Release;
		};
		6A1A20AC214187A70084BC28 /* Debug */ = {
			isa = XCBuildConfiguration;
			buildSettings = {
				ASSETCATALOG_COMPILER_APPICON_NAME = AppIcon;
				CODE_SIGN_STYLE = Automatic;
				DEVELOPMENT_TEAM = GRB7FB288F;
				INFOPLIST_FILE = "Pentomino Game/Info.plist";
				LD_RUNPATH_SEARCH_PATHS = (
					"$(inherited)",
					"@executable_path/Frameworks",
				);
				PRODUCT_BUNDLE_IDENTIFIER = "edu.psu.cse.pxj5088.Pentomino-Game";
				PRODUCT_NAME = "$(TARGET_NAME)";
				SWIFT_VERSION = 4.0;
				TARGETED_DEVICE_FAMILY = 2;
			};
			name = Debug;
		};
		6A1A20AD214187A70084BC28 /* Release */ = {
			isa = XCBuildConfiguration;
			buildSettings = {
				ASSETCATALOG_COMPILER_APPICON_NAME = AppIcon;
				CODE_SIGN_STYLE = Automatic;
				DEVELOPMENT_TEAM = GRB7FB288F;
				INFOPLIST_FILE = "Pentomino Game/Info.plist";
				LD_RUNPATH_SEARCH_PATHS = (
					"$(inherited)",
					"@executable_path/Frameworks",
				);
				PRODUCT_BUNDLE_IDENTIFIER = "edu.psu.cse.pxj5088.Pentomino-Game";
				PRODUCT_NAME = "$(TARGET_NAME)";
				SWIFT_VERSION = 4.0;
				TARGETED_DEVICE_FAMILY = 2;
			};
			name = Release;
		};
		6A1A20AF214187A70084BC28 /* Debug */ = {
			isa = XCBuildConfiguration;
			buildSettings = {
				ALWAYS_EMBED_SWIFT_STANDARD_LIBRARIES = YES;
				BUNDLE_LOADER = "$(TEST_HOST)";
				CODE_SIGN_STYLE = Automatic;
				DEVELOPMENT_TEAM = GRB7FB288F;
				INFOPLIST_FILE = "Pentomino GameTests/Info.plist";
				LD_RUNPATH_SEARCH_PATHS = (
					"$(inherited)",
					"@executable_path/Frameworks",
					"@loader_path/Frameworks",
				);
				PRODUCT_BUNDLE_IDENTIFIER = "edu.psu.cse.AccessID.Pentomino-GameTests";
				PRODUCT_NAME = "$(TARGET_NAME)";
				SWIFT_VERSION = 4.0;
				TARGETED_DEVICE_FAMILY = "1,2";
				TEST_HOST = "$(BUILT_PRODUCTS_DIR)/Pentomino Game.app/Pentomino Game";
			};
			name = Debug;
		};
		6A1A20B0214187A70084BC28 /* Release */ = {
			isa = XCBuildConfiguration;
			buildSettings = {
				ALWAYS_EMBED_SWIFT_STANDARD_LIBRARIES = YES;
				BUNDLE_LOADER = "$(TEST_HOST)";
				CODE_SIGN_STYLE = Automatic;
				DEVELOPMENT_TEAM = GRB7FB288F;
				INFOPLIST_FILE = "Pentomino GameTests/Info.plist";
				LD_RUNPATH_SEARCH_PATHS = (
					"$(inherited)",
					"@executable_path/Frameworks",
					"@loader_path/Frameworks",
				);
				PRODUCT_BUNDLE_IDENTIFIER = "edu.psu.cse.AccessID.Pentomino-GameTests";
				PRODUCT_NAME = "$(TARGET_NAME)";
				SWIFT_VERSION = 4.0;
				TARGETED_DEVICE_FAMILY = "1,2";
				TEST_HOST = "$(BUILT_PRODUCTS_DIR)/Pentomino Game.app/Pentomino Game";
			};
			name = Release;
		};
/* End XCBuildConfiguration section */

/* Begin XCConfigurationList section */
		6A1A2089214187A60084BC28 /* Build configuration list for PBXProject "Pentomino Game" */ = {
			isa = XCConfigurationList;
			buildConfigurations = (
				6A1A20A9214187A70084BC28 /* Debug */,
				6A1A20AA214187A70084BC28 /* Release */,
			);
			defaultConfigurationIsVisible = 0;
			defaultConfigurationName = Release;
		};
		6A1A20AB214187A70084BC28 /* Build configuration list for PBXNativeTarget "Pentomino Game" */ = {
			isa = XCConfigurationList;
			buildConfigurations = (
				6A1A20AC214187A70084BC28 /* Debug */,
				6A1A20AD214187A70084BC28 /* Release */,
			);
			defaultConfigurationIsVisible = 0;
			defaultConfigurationName = Release;
		};
		6A1A20AE214187A70084BC28 /* Build configuration list for PBXNativeTarget "Pentomino GameTests" */ = {
			isa = XCConfigurationList;
			buildConfigurations = (
				6A1A20AF214187A70084BC28 /* Debug */,
				6A1A20B0214187A70084BC28 /* Release */,
			);
			defaultConfigurationIsVisible = 0;
			defaultConfigurationName = Release;
		};
/* End XCConfigurationList section */
	};
	rootObject = 6A1A2086214187A60084BC28 /* Project object */;
}
